
Microsoft Visual Studio Solution File, Format Version 12.00
# Visual Studio 15
VisualStudioVersion = 15.0.27703.2042
MinimumVisualStudioVersion = 10.0.40219.1
Project("{FAE04EC0-301F-11D3-BF4B-00C04F79EFBC}") = "ClassLibrary7", "ClassLibrary7\ClassLibrary7.csproj", "{EE294BA4-0569-4312-917A-DC674853E081}"
EndProject
Global
	GlobalSection(SolutionConfigurationPlatforms) = preSolution
		Debug|Any CPU = Debug|Any CPU
		Release|Any CPU = Release|Any CPU
	EndGlobalSection
	GlobalSection(ProjectConfigurationPlatforms) = postSolution
		{EE294BA4-0569-4312-917A-DC674853E081}.Debug|Any CPU.ActiveCfg = Debug|Any CPU
		{EE294BA4-0569-4312-917A-DC674853E081}.Debug|Any CPU.Build.0 = Debug|Any CPU
		{EE294BA4-0569-4312-917A-DC674853E081}.Release|Any CPU.ActiveCfg = Release|Any CPU
		{EE294BA4-0569-4312-917A-DC674853E081}.Release|Any CPU.Build.0 = Release|Any CPU
	EndGlobalSection
	GlobalSection(SolutionProperties) = preSolution
		HideSolutionNode = FALSE
	EndGlobalSection
	GlobalSection(ExtensibilityGlobals) = postSolution
		SolutionGuid = {093F56E8-05E9-4923-A38A-9FFA56D83964}
	EndGlobalSection
EndGlobal
